
Microsoft Visual Studio Solution File, Format Version 12.00
# Visual Studio 15
VisualStudioVersion = 15.0.28307.421
MinimumVisualStudioVersion = 10.0.40219.1
Project("{FAE04EC0-301F-11D3-BF4B-00C04F79EFBC}") = "AdaptiveCardsSample", "AdaptiveCardsSample\AdaptiveCardsSample.csproj", "{E154C5BE-ED70-4D57-8483-00F93EB10FCE}"
EndProject
Global
	GlobalSection(SolutionConfigurationPlatforms) = preSolution
		Debug|Any CPU = Debug|Any CPU
		Release|Any CPU = Release|Any CPU
	EndGlobalSection
	GlobalSection(ProjectConfigurationPlatforms) = postSolution
		{E154C5BE-ED70-4D57-8483-00F93EB10FCE}.Debug|Any CPU.ActiveCfg = Debug|Any CPU
		{E154C5BE-ED70-4D57-8483-00F93EB10FCE}.Debug|Any CPU.Build.0 = Debug|Any CPU
		{E154C5BE-ED70-4D57-8483-00F93EB10FCE}.Release|Any CPU.ActiveCfg = Release|Any CPU
		{E154C5BE-ED70-4D57-8483-00F93EB10FCE}.Release|Any CPU.Build.0 = Release|Any CPU
	EndGlobalSection
	GlobalSection(SolutionProperties) = preSolution
		HideSolutionNode = FALSE
	EndGlobalSection
	GlobalSection(ExtensibilityGlobals) = postSolution
		SolutionGuid = {E794AABD-AB9D-47E0-821A-736935559478}
	EndGlobalSection
EndGlobal
